
Microsoft Visual Studio Solution File, Format Version 12.00
# Visual Studio 2013
VisualStudioVersion = 12.0.31101.0
MinimumVisualStudioVersion = 10.0.40219.1
Project("{8BC9CEB8-8B4A-11D0-8D11-00A0C91BC942}") = "FUSION_CSV_to_pnt_SHP", "..\ConsoleApplication8.vcxproj", "{257EE7DB-74D2-41E8-9012-BED77B1CFAFC}"
EndProject
Global
	GlobalSection(SolutionConfigurationPlatforms) = preSolution
		Debug|Win32 = Debug|Win32
		Debug|x64 = Debug|x64
		Release|Win32 = Release|Win32
		Release|x64 = Release|x64
	EndGlobalSection
	GlobalSection(ProjectConfigurationPlatforms) = postSolution
		{257EE7DB-74D2-41E8-9012-BED77B1CFAFC}.Debug|Win32.ActiveCfg = Debug|Win32
		{257EE7DB-74D2-41E8-9012-BED77B1CFAFC}.Debug|Win32.Build.0 = Debug|Win32
		{257EE7DB-74D2-41E8-9012-BED77B1CFAFC}.Debug|x64.ActiveCfg = Debug|x64
		{257EE7DB-74D2-41E8-9012-BED77B1CFAFC}.Debug|x64.Build.0 = Debug|x64
		{257EE7DB-74D2-41E8-9012-BED77B1CFAFC}.Release|Win32.ActiveCfg = Release|Win32
		{257EE7DB-74D2-41E8-9012-BED77B1CFAFC}.Release|Win32.Build.0 = Release|Win32
		{257EE7DB-74D2-41E8-9012-BED77B1CFAFC}.Release|x64.ActiveCfg = Release|x64
		{257EE7DB-74D2-41E8-9012-BED77B1CFAFC}.Release|x64.Build.0 = Release|x64
	EndGlobalSection
	GlobalSection(SolutionProperties) = preSolution
		HideSolutionNode = FALSE
	EndGlobalSection
EndGlobal
